
Microsoft Visual Studio Solution File, Format Version 12.00
# Visual Studio Version 17
VisualStudioVersion = 17.14.36203.30
MinimumVisualStudioVersion = 10.0.40219.1
Project("{FAE04EC0-301F-11D3-BF4B-00C04F79EFBC}") = "SnackMindModel", "SnackMindCafe.Entities\SnackMindModel.csproj", "{7F08D2D6-6DE1-42A3-8E18-16B29D75A092}"
EndProject
Project("{FAE04EC0-301F-11D3-BF4B-00C04F79EFBC}") = "SnackMindCore", "Core\SnackMindCore.csproj", "{34EA54EB-AA19-4625-8B2A-6A1FA806BCEF}"
EndProject
Project("{FAE04EC0-301F-11D3-BF4B-00C04F79EFBC}") = "SnackMindData", "SnackMindData\SnackMindData.csproj", "{B4A25589-DB50-4677-BC05-11C59DDF2F99}"
EndProject
Project("{FAE04EC0-301F-11D3-BF4B-00C04F79EFBC}") = "SnackMindService", "SnackMindService\SnackMindService.csproj", "{7581640C-D6E2-472F-8907-4ACC3A066F92}"
EndProject
Global
	GlobalSection(SolutionConfigurationPlatforms) = preSolution
		Debug|Any CPU = Debug|Any CPU
		Release|Any CPU = Release|Any CPU
	EndGlobalSection
	GlobalSection(ProjectConfigurationPlatforms) = postSolution
		{7F08D2D6-6DE1-42A3-8E18-16B29D75A092}.Debug|Any CPU.ActiveCfg = Debug|Any CPU
		{7F08D2D6-6DE1-42A3-8E18-16B29D75A092}.Debug|Any CPU.Build.0 = Debug|Any CPU
		{7F08D2D6-6DE1-42A3-8E18-16B29D75A092}.Release|Any CPU.ActiveCfg = Release|Any CPU
		{7F08D2D6-6DE1-42A3-8E18-16B29D75A092}.Release|Any CPU.Build.0 = Release|Any CPU
		{34EA54EB-AA19-4625-8B2A-6A1FA806BCEF}.Debug|Any CPU.ActiveCfg = Debug|Any CPU
		{34EA54EB-AA19-4625-8B2A-6A1FA806BCEF}.Debug|Any CPU.Build.0 = Debug|Any CPU
		{34EA54EB-AA19-4625-8B2A-6A1FA806BCEF}.Release|Any CPU.ActiveCfg = Release|Any CPU
		{34EA54EB-AA19-4625-8B2A-6A1FA806BCEF}.Release|Any CPU.Build.0 = Release|Any CPU
		{B4A25589-DB50-4677-BC05-11C59DDF2F99}.Debug|Any CPU.ActiveCfg = Debug|Any CPU
		{B4A25589-DB50-4677-BC05-11C59DDF2F99}.Debug|Any CPU.Build.0 = Debug|Any CPU
		{B4A25589-DB50-4677-BC05-11C59DDF2F99}.Release|Any CPU.ActiveCfg = Release|Any CPU
		{B4A25589-DB50-4677-BC05-11C59DDF2F99}.Release|Any CPU.Build.0 = Release|Any CPU
		{7581640C-D6E2-472F-8907-4ACC3A066F92}.Debug|Any CPU.ActiveCfg = Debug|Any CPU
		{7581640C-D6E2-472F-8907-4ACC3A066F92}.Debug|Any CPU.Build.0 = Debug|Any CPU
		{7581640C-D6E2-472F-8907-4ACC3A066F92}.Release|Any CPU.ActiveCfg = Release|Any CPU
		{7581640C-D6E2-472F-8907-4ACC3A066F92}.Release|Any CPU.Build.0 = Release|Any CPU
	EndGlobalSection
	GlobalSection(SolutionProperties) = preSolution
		HideSolutionNode = FALSE
	EndGlobalSection
	GlobalSection(ExtensibilityGlobals) = postSolution
		SolutionGuid = {7D767711-5754-46FE-8A54-B6EBEB43DDC7}
	EndGlobalSection
EndGlobal
